
Microsoft Visual Studio Solution File, Format Version 10.00
# Visual Studio 2008
Project("{8BC9CEB8-8B4A-11D0-8D11-00A0C91BC942}") = "udt_analyzer", "udt_analyzer\udt_analyzer.vcproj", "{93380C25-FAD6-49AF-9EFD-10CB3B2A5E77}"
EndProject
Global
	GlobalSection(SolutionConfigurationPlatforms) = preSolution
		Debug|Win32 = Debug|Win32
		Release|Win32 = Release|Win32
	EndGlobalSection
	GlobalSection(ProjectConfigurationPlatforms) = postSolution
		{93380C25-FAD6-49AF-9EFD-10CB3B2A5E77}.Debug|Win32.ActiveCfg = Debug|Win32
		{93380C25-FAD6-49AF-9EFD-10CB3B2A5E77}.Debug|Win32.Build.0 = Debug|Win32
		{93380C25-FAD6-49AF-9EFD-10CB3B2A5E77}.Release|Win32.ActiveCfg = Release|Win32
		{93380C25-FAD6-49AF-9EFD-10CB3B2A5E77}.Release|Win32.Build.0 = Release|Win32
	EndGlobalSection
	GlobalSection(SolutionProperties) = preSolution
		HideSolutionNode = FALSE
	EndGlobalSection
EndGlobal
